// !$*UTF8*$!
{
	archiveVersion = 1;
	classes = {
	};
	objectVersion = 56;
	objects = {

/* Begin PBXBuildFile section */
		B828F66929EDEE4900FE804E /* AppDelegate.swift in Sources */ = {isa = PBXBuildFile; fileRef = B828F66829EDEE4900FE804E /* AppDelegate.swift */; };
		B828F66B29EDEE4900FE804E /* SceneDelegate.swift in Sources */ = {isa = PBXBuildFile; fileRef = B828F66A29EDEE4900FE804E /* SceneDelegate.swift */; };
		B828F67229EDEE4A00FE804E /* Assets.xcassets in Resources */ = {isa = PBXBuildFile; fileRef = B828F67129EDEE4A00FE804E /* Assets.xcassets */; };
		B828F67529EDEE4A00FE804E /* LaunchScreen.storyboard in Resources */ = {isa = PBXBuildFile; fileRef = B828F67329EDEE4A00FE804E /* LaunchScreen.storyboard */; };
		B828F67D29EDEEBB00FE804E /* CalculaterVC.swift in Sources */ = {isa = PBXBuildFile; fileRef = B828F67C29EDEEBB00FE804E /* CalculaterVC.swift */; };
		B828F68429EDEFD500FE804E /* BMITitle.swift in Sources */ = {isa = PBXBuildFile; fileRef = B828F68329EDEFD500FE804E /* BMITitle.swift */; };
		B828F68629EDF14B00FE804E /* BMIText.swift in Sources */ = {isa = PBXBuildFile; fileRef = B828F68529EDF14B00FE804E /* BMIText.swift */; };
		B828F68929EDF31200FE804E /* UIView+Ext.swift in Sources */ = {isa = PBXBuildFile; fileRef = B828F68829EDF31200FE804E /* UIView+Ext.swift */; };
		B828F68B29EDF57F00FE804E /* UnitView.swift in Sources */ = {isa = PBXBuildFile; fileRef = B828F68A29EDF57E00FE804E /* UnitView.swift */; };
		B828F68D29EDF73000FE804E /* BMISlider.swift in Sources */ = {isa = PBXBuildFile; fileRef = B828F68C29EDF73000FE804E /* BMISlider.swift */; };
		B828F69029EDFF5500FE804E /* Constants.swift in Sources */ = {isa = PBXBuildFile; fileRef = B828F68F29EDFF5500FE804E /* Constants.swift */; };
		B828F69229EE007400FE804E /* BMIButton.swift in Sources */ = {isa = PBXBuildFile; fileRef = B828F69129EE007400FE804E /* BMIButton.swift */; };
		B828F69429EE036E00FE804E /* ResultVC.swift in Sources */ = {isa = PBXBuildFile; fileRef = B828F69329EE036E00FE804E /* ResultVC.swift */; };
/* End PBXBuildFile section */

/* Begin PBXFileReference section */
		B828F66529EDEE4900FE804E /* BMICalculater.app */ = {isa = PBXFileReference; explicitFileType = wrapper.application; includeInIndex = 0; path = BMICalculater.app; sourceTree = BUILT_PRODUCTS_DIR; };
		B828F66829EDEE4900FE804E /* AppDelegate.swift */ = {isa = PBXFileReference; lastKnownFileType = sourcecode.swift; path = AppDelegate.swift; sourceTree = "<group>"; };
		B828F66A29EDEE4900FE804E /* SceneDelegate.swift */ = {isa = PBXFileReference; lastKnownFileType = sourcecode.swift; path = SceneDelegate.swift; sourceTree = "<group>"; };
		B828F67129EDEE4A00FE804E /* Assets.xcassets */ = {isa = PBXFileReference; lastKnownFileType = folder.assetcatalog; path = Assets.xcassets; sourceTree = "<group>"; };
		B828F67429EDEE4A00FE804E /* Base */ = {isa = PBXFileReference; lastKnownFileType = file.storyboard; name = Base; path = Base.lproj/LaunchScreen.storyboard; sourceTree = "<group>"; };
		B828F67629EDEE4A00FE804E /* Info.plist */ = {isa = PBXFileReference; lastKnownFileType = text.plist.xml; path = Info.plist; sourceTree = "<group>"; };
		B828F67C29EDEEBB00FE804E /* CalculaterVC.swift */ = {isa = PBXFileReference; lastKnownFileType = sourcecode.swift; path = CalculaterVC.swift; sourceTree = "<group>"; };
		B828F68329EDEFD500FE804E /* BMITitle.swift */ = {isa = PBXFileReference; lastKnownFileType = sourcecode.swift; path = BMITitle.swift; sourceTree = "<group>"; };
		B828F68529EDF14B00FE804E /* BMIText.swift */ = {isa = PBXFileReference; lastKnownFileType = sourcecode.swift; path = BMIText.swift; sourceTree = "<group>"; };
		B828F68829EDF31200FE804E /* UIView+Ext.swift */ = {isa = PBXFileReference; lastKnownFileType = sourcecode.swift; path = "UIView+Ext.swift"; sourceTree = "<group>"; };
		B828F68A29EDF57E00FE804E /* UnitView.swift */ = {isa = PBXFileReference; lastKnownFileType = sourcecode.swift; path = UnitView.swift; sourceTree = "<group>"; };
		B828F68C29EDF73000FE804E /* BMISlider.swift */ = {isa = PBXFileReference; lastKnownFileType = sourcecode.swift; path = BMISlider.swift; sourceTree = "<group>"; };
		B828F68F29EDFF5500FE804E /* Constants.swift */ = {isa = PBXFileReference; lastKnownFileType = sourcecode.swift; path = Constants.swift; sourceTree = "<group>"; };
		B828F69129EE007400FE804E /* BMIButton.swift */ = {isa = PBXFileReference; lastKnownFileType = sourcecode.swift; path = BMIButton.swift; sourceTree = "<group>"; };
		B828F69329EE036E00FE804E /* ResultVC.swift */ = {isa = PBXFileReference; lastKnownFileType = sourcecode.swift; path = ResultVC.swift; sourceTree = "<group>"; };
/* End PBXFileReference section */

/* Begin PBXFrameworksBuildPhase section */
		B828F66229EDEE4900FE804E /* Frameworks */ = {
			isa = PBXFrameworksBuildPhase;
			buildActionMask = 2147483647;
			files = (
			);
			runOnlyForDeploymentPostprocessing = 0;
		};
/* End PBXFrameworksBuildPhase section */

/* Begin PBXGroup section */
		B828F65C29EDEE4900FE804E = {
			isa = PBXGroup;
			children = (
				B828F66729EDEE4900FE804E /* BMICalculater */,
				B828F66629EDEE4900FE804E /* Products */,
			);
			sourceTree = "<group>";
		};
		B828F66629EDEE4900FE804E /* Products */ = {
			isa = PBXGroup;
			children = (
				B828F66529EDEE4900FE804E /* BMICalculater.app */,
			);
			name = Products;
			sourceTree = "<group>";
		};
		B828F66729EDEE4900FE804E /* BMICalculater */ = {
			isa = PBXGroup;
			children = (
				B828F68E29EDFF4400FE804E /* Utilities */,
				B828F68729EDF2C700FE804E /* Extensions */,
				B828F67F29EDEEE400FE804E /* Views */,
				B828F67E29EDEED200FE804E /* Supports */,
				B828F67629EDEE4A00FE804E /* Info.plist */,
			);
			path = BMICalculater;
			sourceTree = "<group>";
		};
		B828F67E29EDEED200FE804E /* Supports */ = {
			isa = PBXGroup;
			children = (
				B828F66829EDEE4900FE804E /* AppDelegate.swift */,
				B828F66A29EDEE4900FE804E /* SceneDelegate.swift */,
				B828F67129EDEE4A00FE804E /* Assets.xcassets */,
				B828F67329EDEE4A00FE804E /* LaunchScreen.storyboard */,
			);
			path = Supports;
			sourceTree = "<group>";
		};
		B828F67F29EDEEE400FE804E /* Views */ = {
			isa = PBXGroup;
			children = (
				B828F68229EDEF9D00FE804E /* Views */,
				B828F68029EDEEF000FE804E /* Custom Views */,
				B828F68129EDEF0400FE804E /* Screens */,
			);
			path = Views;
			sourceTree = "<group>";
		};
		B828F68029EDEEF000FE804E /* Custom Views */ = {
			isa = PBXGroup;
			children = (
				B828F68329EDEFD500FE804E /* BMITitle.swift */,
				B828F68529EDF14B00FE804E /* BMIText.swift */,
				B828F68C29EDF73000FE804E /* BMISlider.swift */,
				B828F69129EE007400FE804E /* BMIButton.swift */,
			);
			path = "Custom Views";
			sourceTree = "<group>";
		};
		B828F68129EDEF0400FE804E /* Screens */ = {
			isa = PBXGroup;
			children = (
				B828F67C29EDEEBB00FE804E /* CalculaterVC.swift */,
				B828F69329EE036E00FE804E /* ResultVC.swift */,
			);
			path = Screens;
			sourceTree = "<group>";
		};
		B828F68229EDEF9D00FE804E /* Views */ = {
			isa = PBXGroup;
			children = (
				B828F68A29EDF57E00FE804E /* UnitView.swift */,
			);
			path = Views;
			sourceTree = "<group>";
		};
		B828F68729EDF2C700FE804E /* Extensions */ = {
			isa = PBXGroup;
			children = (
				B828F68829EDF31200FE804E /* UIView+Ext.swift */,
			);
			path = Extensions;
			sourceTree = "<group>";
		};
		B828F68E29EDFF4400FE804E /* Utilities */ = {
			isa = PBXGroup;
			children = (
				B828F68F29EDFF5500FE804E /* Constants.swift */,
			);
			path = Utilities;
			sourceTree = "<group>";
		};
/* End PBXGroup section */

/* Begin PBXNativeTarget section */
		B828F66429EDEE4900FE804E /* BMICalculater */ = {
			isa = PBXNativeTarget;
			buildConfigurationList = B828F67929EDEE4A00FE804E /* Build configuration list for PBXNativeTarget "BMICalculater" */;
			buildPhases = (
				B828F66129EDEE4900FE804E /* Sources */,
				B828F66229EDEE4900FE804E /* Frameworks */,
				B828F66329EDEE4900FE804E /* Resources */,
			);
			buildRules = (
			);
			dependencies = (
			);
			name = BMICalculater;
			productName = BMICalculater;
			productReference = B828F66529EDEE4900FE804E /* BMICalculater.app */;
			productType = "com.apple.product-type.application";
		};
/* End PBXNativeTarget section */

/* Begin PBXProject section */
		B828F65D29EDEE4900FE804E /* Project object */ = {
			isa = PBXProject;
			attributes = {
				BuildIndependentTargetsInParallel = 1;
				LastSwiftUpdateCheck = 1430;
				LastUpgradeCheck = 1430;
				TargetAttributes = {
					B828F66429EDEE4900FE804E = {
						CreatedOnToolsVersion = 14.3;
					};
				};
			};
			buildConfigurationList = B828F66029EDEE4900FE804E /* Build configuration list for PBXProject "BMICalculater" */;
			compatibilityVersion = "Xcode 14.0";
			developmentRegion = en;
			hasScannedForEncodings = 0;
			knownRegions = (
				en,
				Base,
			);
			mainGroup = B828F65C29EDEE4900FE804E;
			productRefGroup = B828F66629EDEE4900FE804E /* Products */;
			projectDirPath = "";
			projectRoot = "";
			targets = (
				B828F66429EDEE4900FE804E /* BMICalculater */,
			);
		};
/* End PBXProject section */

/* Begin PBXResourcesBuildPhase section */
		B828F66329EDEE4900FE804E /* Resources */ = {
			isa = PBXResourcesBuildPhase;
			buildActionMask = 2147483647;
			files = (
				B828F67529EDEE4A00FE804E /* LaunchScreen.storyboard in Resources */,
				B828F67229EDEE4A00FE804E /* Assets.xcassets in Resources */,
			);
			runOnlyForDeploymentPostprocessing = 0;
		};
/* End PBXResourcesBuildPhase section */

/* Begin PBXSourcesBuildPhase section */
		B828F66129EDEE4900FE804E /* Sources */ = {
			isa = PBXSourcesBuildPhase;
			buildActionMask = 2147483647;
			files = (
				B828F66929EDEE4900FE804E /* AppDelegate.swift in Sources */,
				B828F68629EDF14B00FE804E /* BMIText.swift in Sources */,
				B828F69229EE007400FE804E /* BMIButton.swift in Sources */,
				B828F68929EDF31200FE804E /* UIView+Ext.swift in Sources */,
				B828F67D29EDEEBB00FE804E /* CalculaterVC.swift in Sources */,
				B828F66B29EDEE4900FE804E /* SceneDelegate.swift in Sources */,
				B828F68D29EDF73000FE804E /* BMISlider.swift in Sources */,
				B828F68429EDEFD500FE804E /* BMITitle.swift in Sources */,
				B828F69429EE036E00FE804E /* ResultVC.swift in Sources */,
				B828F68B29EDF57F00FE804E /* UnitView.swift in Sources */,
				B828F69029EDFF5500FE804E /* Constants.swift in Sources */,
			);
			runOnlyForDeploymentPostprocessing = 0;
		};
/* End PBXSourcesBuildPhase section */

/* Begin PBXVariantGroup section */
		B828F67329EDEE4A00FE804E /* LaunchScreen.storyboard */ = {
			isa = PBXVariantGroup;
			children = (
				B828F67429EDEE4A00FE804E /* Base */,
			);
			name = LaunchScreen.storyboard;
			sourceTree = "<group>";
		};
/* End PBXVariantGroup section */

/* Begin XCBuildConfiguration section */
		B828F67729EDEE4A00FE804E /* Debug */ = {
			isa = XCBuildConfiguration;
			buildSettings = {
				ALWAYS_SEARCH_USER_PATHS = NO;
				CLANG_ANALYZER_NONNULL = YES;
				CLANG_ANALYZER_NUMBER_OBJECT_CONVERSION = YES_AGGRESSIVE;
				CLANG_CXX_LANGUAGE_STANDARD = "gnu++20";
				CLANG_ENABLE_MODULES = YES;
				CLANG_ENABLE_OBJC_ARC = YES;
				CLANG_ENABLE_OBJC_WEAK = YES;
				CLANG_WARN_BLOCK_CAPTURE_AUTORELEASING = YES;
				CLANG_WARN_BOOL_CONVERSION = YES;
				CLANG_WARN_COMMA = YES;
				CLANG_WARN_CONSTANT_CONVERSION = YES;
				CLANG_WARN_DEPRECATED_OBJC_IMPLEMENTATIONS = YES;
				CLANG_WARN_DIRECT_OBJC_ISA_USAGE = YES_ERROR;
				CLANG_WARN_DOCUMENTATION_COMMENTS = YES;
				CLANG_WARN_EMPTY_BODY = YES;
				CLANG_WARN_ENUM_CONVERSION = YES;
				CLANG_WARN_INFINITE_RECURSION = YES;
				CLANG_WARN_INT_CONVERSION = YES;
				CLANG_WARN_NON_LITERAL_NULL_CONVERSION = YES;
				CLANG_WARN_OBJC_IMPLICIT_RETAIN_SELF = YES;
				CLANG_WARN_OBJC_LITERAL_CONVERSION = YES;
				CLANG_WARN_OBJC_ROOT_CLASS = YES_ERROR;
				CLANG_WARN_QUOTED_INCLUDE_IN_FRAMEWORK_HEADER = YES;
				CLANG_WARN_RANGE_LOOP_ANALYSIS = YES;
				CLANG_WARN_STRICT_PROTOTYPES = YES;
				CLANG_WARN_SUSPICIOUS_MOVE = YES;
				CLANG_WARN_UNGUARDED_AVAILABILITY = YES_AGGRESSIVE;
				CLANG_WARN_UNREACHABLE_CODE = YES;
				CLANG_WARN__DUPLICATE_METHOD_MATCH = YES;
				COPY_PHASE_STRIP = NO;
				DEBUG_INFORMATION_FORMAT = dwarf;
				ENABLE_STRICT_OBJC_MSGSEND = YES;
				ENABLE_TESTABILITY = YES;
				GCC_C_LANGUAGE_STANDARD = gnu11;
				GCC_DYNAMIC_NO_PIC = NO;
				GCC_NO_COMMON_BLOCKS = YES;
				GCC_OPTIMIZATION_LEVEL = 0;
				GCC_PREPROCESSOR_DEFINITIONS = (
					"DEBUG=1",
					"$(inherited)",
				);
				GCC_WARN_64_TO_32_BIT_CONVERSION = YES;
				GCC_WARN_ABOUT_RETURN_TYPE = YES_ERROR;
				GCC_WARN_UNDECLARED_SELECTOR = YES;
				GCC_WARN_UNINITIALIZED_AUTOS = YES_AGGRESSIVE;
				GCC_WARN_UNUSED_FUNCTION = YES;
				GCC_WARN_UNUSED_VARIABLE = YES;
				IPHONEOS_DEPLOYMENT_TARGET = 16.1;
				MTL_ENABLE_DEBUG_INFO = INCLUDE_SOURCE;
				MTL_FAST_MATH = YES;
				ONLY_ACTIVE_ARCH = YES;
				SDKROOT = iphoneos;
				SWIFT_ACTIVE_COMPILATION_CONDITIONS = DEBUG;
				SWIFT_OPTIMIZATION_LEVEL = "-Onone";
			};
			name = Debug;
		};
		B828F67829EDEE4A00FE804E /* Release */ = {
			isa = XCBuildConfiguration;
			buildSettings = {
				ALWAYS_SEARCH_USER_PATHS = NO;
				CLANG_ANALYZER_NONNULL = YES;
				CLANG_ANALYZER_NUMBER_OBJECT_CONVERSION = YES_AGGRESSIVE;
				CLANG_CXX_LANGUAGE_STANDARD = "gnu++20";
				CLANG_ENABLE_MODULES = YES;
				CLANG_ENABLE_OBJC_ARC = YES;
				CLANG_ENABLE_OBJC_WEAK = YES;
				CLANG_WARN_BLOCK_CAPTURE_AUTORELEASING = YES;
				CLANG_WARN_BOOL_CONVERSION = YES;
				CLANG_WARN_COMMA = YES;
				CLANG_WARN_CONSTANT_CONVERSION = YES;
				CLANG_WARN_DEPRECATED_OBJC_IMPLEMENTATIONS = YES;
				CLANG_WARN_DIRECT_OBJC_ISA_USAGE = YES_ERROR;
				CLANG_WARN_DOCUMENTATION_COMMENTS = YES;
				CLANG_WARN_EMPTY_BODY = YES;
				CLANG_WARN_ENUM_CONVERSION = YES;
				CLANG_WARN_INFINITE_RECURSION = YES;
				CLANG_WARN_INT_CONVERSION = YES;
				CLANG_WARN_NON_LITERAL_NULL_CONVERSION = YES;
				CLANG_WARN_OBJC_IMPLICIT_RETAIN_SELF = YES;
				CLANG_WARN_OBJC_LITERAL_CONVERSION = YES;
				CLANG_WARN_OBJC_ROOT_CLASS = YES_ERROR;
				CLANG_WARN_QUOTED_INCLUDE_IN_FRAMEWORK_HEADER = YES;
				CLANG_WARN_RANGE_LOOP_ANALYSIS = YES;
				CLANG_WARN_STRICT_PROTOTYPES = YES;
				CLANG_WARN_SUSPICIOUS_MOVE = YES;
				CLANG_WARN_UNGUARDED_AVAILABILITY = YES_AGGRESSIVE;
				CLANG_WARN_UNREACHABLE_CODE = YES;
				CLANG_WARN__DUPLICATE_METHOD_MATCH = YES;
				COPY_PHASE_STRIP = NO;
				DEBUG_INFORMATION_FORMAT = "dwarf-with-dsym";
				ENABLE_NS_ASSERTIONS = NO;
				ENABLE_STRICT_OBJC_MSGSEND = YES;
				GCC_C_LANGUAGE_STANDARD = gnu11;
				GCC_NO_COMMON_BLOCKS = YES;
				GCC_WARN_64_TO_32_BIT_CONVERSION = YES;
				GCC_WARN_ABOUT_RETURN_TYPE = YES_ERROR;
				GCC_WARN_UNDECLARED_SELECTOR = YES;
				GCC_WARN_UNINITIALIZED_AUTOS = YES_AGGRESSIVE;
				GCC_WARN_UNUSED_FUNCTION = YES;
				GCC_WARN_UNUSED_VARIABLE = YES;
				IPHONEOS_DEPLOYMENT_TARGET = 16.1;
				MTL_ENABLE_DEBUG_INFO = NO;
				MTL_FAST_MATH = YES;
				SDKROOT = iphoneos;
				SWIFT_COMPILATION_MODE = wholemodule;
				SWIFT_OPTIMIZATION_LEVEL = "-O";
				VALIDATE_PRODUCT = YES;
			};
			name = Release;
		};
		B828F67A29EDEE4A00FE804E /* Debug */ = {
			isa = XCBuildConfiguration;
			buildSettings = {
				ASSETCATALOG_COMPILER_APPICON_NAME = AppIcon;
				ASSETCATALOG_COMPILER_GLOBAL_ACCENT_COLOR_NAME = AccentColor;
				CODE_SIGN_STYLE = Automatic;
				CURRENT_PROJECT_VERSION = 1;
				DEVELOPMENT_TEAM = 5CV2BM6V4T;
				GENERATE_INFOPLIST_FILE = YES;
				INFOPLIST_FILE = BMICalculater/Info.plist;
				INFOPLIST_KEY_UIApplicationSupportsIndirectInputEvents = YES;
				INFOPLIST_KEY_UILaunchStoryboardName = LaunchScreen;
				INFOPLIST_KEY_UISupportedInterfaceOrientations = UIInterfaceOrientationPortrait;
				LD_RUNPATH_SEARCH_PATHS = (
					"$(inherited)",
					"@executable_path/Frameworks",
				);
				MARKETING_VERSION = 1.0;
				PRODUCT_BUNDLE_IDENTIFIER = com.emoooqwe.BMICalculater;
				PRODUCT_NAME = "$(TARGET_NAME)";
				SWIFT_EMIT_LOC_STRINGS = YES;
				SWIFT_VERSION = 5.0;
				TARGETED_DEVICE_FAMILY = "1,2";
			};
			name = Debug;
		};
		B828F67B29EDEE4A00FE804E /* Release */ = {
			isa = XCBuildConfiguration;
			buildSettings = {
				ASSETCATALOG_COMPILER_APPICON_NAME = AppIcon;
				ASSETCATALOG_COMPILER_GLOBAL_ACCENT_COLOR_NAME = AccentColor;
				CODE_SIGN_STYLE = Automatic;
				CURRENT_PROJECT_VERSION = 1;
				DEVELOPMENT_TEAM = 5CV2BM6V4T;
				GENERATE_INFOPLIST_FILE = YES;
				INFOPLIST_FILE = BMICalculater/Info.plist;
				INFOPLIST_KEY_UIApplicationSupportsIndirectInputEvents = YES;
				INFOPLIST_KEY_UILaunchStoryboardName = LaunchScreen;
				INFOPLIST_KEY_UISupportedInterfaceOrientations = UIInterfaceOrientationPortrait;
				LD_RUNPATH_SEARCH_PATHS = (
					"$(inherited)",
					"@executable_path/Frameworks",
				);
				MARKETING_VERSION = 1.0;
				PRODUCT_BUNDLE_IDENTIFIER = com.emoooqwe.BMICalculater;
				PRODUCT_NAME = "$(TARGET_NAME)";
				SWIFT_EMIT_LOC_STRINGS = YES;
				SWIFT_VERSION = 5.0;
				TARGETED_DEVICE_FAMILY = "1,2";
			};
			name = Release;
		};
/* End XCBuildConfiguration section */

/* Begin XCConfigurationList section */
		B828F66029EDEE4900FE804E /* Build configuration list for PBXProject "BMICalculater" */ = {
			isa = XCConfigurationList;
			buildConfigurations = (
				B828F67729EDEE4A00FE804E /* Debug */,
				B828F67829EDEE4A00FE804E /* Release */,
			);
			defaultConfigurationIsVisible = 0;
			defaultConfigurationName = Release;
		};
		B828F67929EDEE4A00FE804E /* Build configuration list for PBXNativeTarget "BMICalculater" */ = {
			isa = XCConfigurationList;
			buildConfigurations = (
				B828F67A29EDEE4A00FE804E /* Debug */,
				B828F67B29EDEE4A00FE804E /* Release */,
			);
			defaultConfigurationIsVisible = 0;
			defaultConfigurationName = Release;
		};
/* End XCConfigurationList section */
	};
	rootObject = B828F65D29EDEE4900FE804E /* Project object */;
}
